
Microsoft Visual Studio Solution File, Format Version 12.00
# Visual Studio Version 16
VisualStudioVersion = 16.0.30413.136
MinimumVisualStudioVersion = 10.0.40219.1
Project("{FAE04EC0-301F-11D3-BF4B-00C04F79EFBC}") = "oop1.1-ho4u tri", "oop1.1-ho4u tri\oop1.1-ho4u tri.csproj", "{E00081B2-B363-40AF-889A-52E6C78DF83F}"
EndProject
Global
	GlobalSection(SolutionConfigurationPlatforms) = preSolution
		Debug|Any CPU = Debug|Any CPU
		Release|Any CPU = Release|Any CPU
	EndGlobalSection
	GlobalSection(ProjectConfigurationPlatforms) = postSolution
		{E00081B2-B363-40AF-889A-52E6C78DF83F}.Debug|Any CPU.ActiveCfg = Debug|Any CPU
		{E00081B2-B363-40AF-889A-52E6C78DF83F}.Debug|Any CPU.Build.0 = Debug|Any CPU
		{E00081B2-B363-40AF-889A-52E6C78DF83F}.Release|Any CPU.ActiveCfg = Release|Any CPU
		{E00081B2-B363-40AF-889A-52E6C78DF83F}.Release|Any CPU.Build.0 = Release|Any CPU
	EndGlobalSection
	GlobalSection(SolutionProperties) = preSolution
		HideSolutionNode = FALSE
	EndGlobalSection
	GlobalSection(ExtensibilityGlobals) = postSolution
		SolutionGuid = {249BB86F-F2BF-4965-B228-289D48C8B052}
	EndGlobalSection
EndGlobal
